
Microsoft Visual Studio Solution File, Format Version 12.00
# Visual Studio Version 17
VisualStudioVersion = 17.2.32630.192
MinimumVisualStudioVersion = 10.0.40219.1
Project("{FAE04EC0-301F-11D3-BF4B-00C04F79EFBC}") = "NLayer.Core", "NLayer.Core\NLayer.Core.csproj", "{CDF55AE2-9937-4D32-8C69-17086EF9684D}"
EndProject
Project("{FAE04EC0-301F-11D3-BF4B-00C04F79EFBC}") = "NLayer.Repository", "NLayer.Repository\NLayer.Repository.csproj", "{F9EAE2E9-A030-4944-95D8-4994376BB333}"
EndProject
Project("{FAE04EC0-301F-11D3-BF4B-00C04F79EFBC}") = "NLayer.Service", "NLayer.Service\NLayer.Service.csproj", "{D443E8C5-2D30-46E4-802D-40E8327753C1}"
EndProject
Project("{FAE04EC0-301F-11D3-BF4B-00C04F79EFBC}") = "NLayer.API", "NLayer.API\NLayer.API.csproj", "{A7EDA1BE-3325-46AF-9ED5-C6792DEEC585}"
EndProject
Project("{FAE04EC0-301F-11D3-BF4B-00C04F79EFBC}") = "NLayer.Web", "NLayer.Web\NLayer.Web.csproj", "{6BA1407F-E813-45D2-ABBC-03EEB9D8DCF9}"
EndProject
Project("{FAE04EC0-301F-11D3-BF4B-00C04F79EFBC}") = "NLayer.Caching", "NLayer.Caching\NLayer.Caching.csproj", "{78714022-B968-41C9-8F3B-C66A5DB73ECB}"
EndProject
Global
	GlobalSection(SolutionConfigurationPlatforms) = preSolution
		Debug|Any CPU = Debug|Any CPU
		Release|Any CPU = Release|Any CPU
	EndGlobalSection
	GlobalSection(ProjectConfigurationPlatforms) = postSolution
		{CDF55AE2-9937-4D32-8C69-17086EF9684D}.Debug|Any CPU.ActiveCfg = Debug|Any CPU
		{CDF55AE2-9937-4D32-8C69-17086EF9684D}.Debug|Any CPU.Build.0 = Debug|Any CPU
		{CDF55AE2-9937-4D32-8C69-17086EF9684D}.Release|Any CPU.ActiveCfg = Release|Any CPU
		{CDF55AE2-9937-4D32-8C69-17086EF9684D}.Release|Any CPU.Build.0 = Release|Any CPU
		{F9EAE2E9-A030-4944-95D8-4994376BB333}.Debug|Any CPU.ActiveCfg = Debug|Any CPU
		{F9EAE2E9-A030-4944-95D8-4994376BB333}.Debug|Any CPU.Build.0 = Debug|Any CPU
		{F9EAE2E9-A030-4944-95D8-4994376BB333}.Release|Any CPU.ActiveCfg = Release|Any CPU
		{F9EAE2E9-A030-4944-95D8-4994376BB333}.Release|Any CPU.Build.0 = Release|Any CPU
		{D443E8C5-2D30-46E4-802D-40E8327753C1}.Debug|Any CPU.ActiveCfg = Debug|Any CPU
		{D443E8C5-2D30-46E4-802D-40E8327753C1}.Debug|Any CPU.Build.0 = Debug|Any CPU
		{D443E8C5-2D30-46E4-802D-40E8327753C1}.Release|Any CPU.ActiveCfg = Release|Any CPU
		{D443E8C5-2D30-46E4-802D-40E8327753C1}.Release|Any CPU.Build.0 = Release|Any CPU
		{A7EDA1BE-3325-46AF-9ED5-C6792DEEC585}.Debug|Any CPU.ActiveCfg = Debug|Any CPU
		{A7EDA1BE-3325-46AF-9ED5-C6792DEEC585}.Debug|Any CPU.Build.0 = Debug|Any CPU
		{A7EDA1BE-3325-46AF-9ED5-C6792DEEC585}.Release|Any CPU.ActiveCfg = Release|Any CPU
		{A7EDA1BE-3325-46AF-9ED5-C6792DEEC585}.Release|Any CPU.Build.0 = Release|Any CPU
		{6BA1407F-E813-45D2-ABBC-03EEB9D8DCF9}.Debug|Any CPU.ActiveCfg = Debug|Any CPU
		{6BA1407F-E813-45D2-ABBC-03EEB9D8DCF9}.Debug|Any CPU.Build.0 = Debug|Any CPU
		{6BA1407F-E813-45D2-ABBC-03EEB9D8DCF9}.Release|Any CPU.ActiveCfg = Release|Any CPU
		{6BA1407F-E813-45D2-ABBC-03EEB9D8DCF9}.Release|Any CPU.Build.0 = Release|Any CPU
		{78714022-B968-41C9-8F3B-C66A5DB73ECB}.Debug|Any CPU.ActiveCfg = Debug|Any CPU
		{78714022-B968-41C9-8F3B-C66A5DB73ECB}.Debug|Any CPU.Build.0 = Debug|Any CPU
		{78714022-B968-41C9-8F3B-C66A5DB73ECB}.Release|Any CPU.ActiveCfg = Release|Any CPU
		{78714022-B968-41C9-8F3B-C66A5DB73ECB}.Release|Any CPU.Build.0 = Release|Any CPU
	EndGlobalSection
	GlobalSection(SolutionProperties) = preSolution
		HideSolutionNode = FALSE
	EndGlobalSection
	GlobalSection(ExtensibilityGlobals) = postSolution
		SolutionGuid = {AAD61066-2101-4A15-8FB0-36DC6741DB62}
	EndGlobalSection
EndGlobal
